
Microsoft Visual Studio Solution File, Format Version 12.00
# Visual Studio Version 17
VisualStudioVersion = 17.9.34616.47
MinimumVisualStudioVersion = 10.0.40219.1
Project("{FAE04EC0-301F-11D3-BF4B-00C04F79EFBC}") = "C#Assignment", "C#Assignment\C#Assignment.csproj", "{DDD5A940-8743-4F27-A010-D0409BC1EAB5}"
EndProject
Global
	GlobalSection(SolutionConfigurationPlatforms) = preSolution
		Debug|Any CPU = Debug|Any CPU
		Release|Any CPU = Release|Any CPU
	EndGlobalSection
	GlobalSection(ProjectConfigurationPlatforms) = postSolution
		{DDD5A940-8743-4F27-A010-D0409BC1EAB5}.Debug|Any CPU.ActiveCfg = Debug|Any CPU
		{DDD5A940-8743-4F27-A010-D0409BC1EAB5}.Debug|Any CPU.Build.0 = Debug|Any CPU
		{DDD5A940-8743-4F27-A010-D0409BC1EAB5}.Release|Any CPU.ActiveCfg = Release|Any CPU
		{DDD5A940-8743-4F27-A010-D0409BC1EAB5}.Release|Any CPU.Build.0 = Release|Any CPU
	EndGlobalSection
	GlobalSection(SolutionProperties) = preSolution
		HideSolutionNode = FALSE
	EndGlobalSection
	GlobalSection(ExtensibilityGlobals) = postSolution
		SolutionGuid = {1B0F5C32-BDC1-47E3-8CA4-F399F92A04CB}
	EndGlobalSection
EndGlobal
